
Microsoft Visual Studio Solution File, Format Version 12.00
# Visual Studio 15
Project("{FAE04EC0-301F-11D3-BF4B-00C04F79EFBC}") = "Assembly-CSharp", "Assembly-CSharp.csproj", "{A3193275-122C-8C2A-0579-014703508D04}"
EndProject
Project("{FAE04EC0-301F-11D3-BF4B-00C04F79EFBC}") = "Xlua.Core", "Xlua.Core.csproj", "{3650BFF5-3E5A-7509-8C72-687E3E05BDFD}"
EndProject
Project("{FAE04EC0-301F-11D3-BF4B-00C04F79EFBC}") = "Assembly-CSharp-Editor", "Assembly-CSharp-Editor.csproj", "{37A79DFF-C18E-F8CE-9E89-84422F770AC8}"
EndProject
Project("{FAE04EC0-301F-11D3-BF4B-00C04F79EFBC}") = "Xlua.Core.Editor", "Xlua.Core.Editor.csproj", "{0FEA6607-3188-F344-E9F3-F55041F361AB}"
EndProject
Global
	GlobalSection(SolutionConfigurationPlatforms) = preSolution
		Debug|Any CPU = Debug|Any CPU
		Release|Any CPU = Release|Any CPU
	EndGlobalSection
	GlobalSection(ProjectConfigurationPlatforms) = postSolution
		{A3193275-122C-8C2A-0579-014703508D04}.Debug|Any CPU.ActiveCfg = Debug|Any CPU
		{A3193275-122C-8C2A-0579-014703508D04}.Debug|Any CPU.Build.0 = Debug|Any CPU
		{A3193275-122C-8C2A-0579-014703508D04}.Release|Any CPU.ActiveCfg = Release|Any CPU
		{A3193275-122C-8C2A-0579-014703508D04}.Release|Any CPU.Build.0 = Release|Any CPU
		{3650BFF5-3E5A-7509-8C72-687E3E05BDFD}.Debug|Any CPU.ActiveCfg = Debug|Any CPU
		{3650BFF5-3E5A-7509-8C72-687E3E05BDFD}.Debug|Any CPU.Build.0 = Debug|Any CPU
		{3650BFF5-3E5A-7509-8C72-687E3E05BDFD}.Release|Any CPU.ActiveCfg = Release|Any CPU
		{3650BFF5-3E5A-7509-8C72-687E3E05BDFD}.Release|Any CPU.Build.0 = Release|Any CPU
		{37A79DFF-C18E-F8CE-9E89-84422F770AC8}.Debug|Any CPU.ActiveCfg = Debug|Any CPU
		{37A79DFF-C18E-F8CE-9E89-84422F770AC8}.Debug|Any CPU.Build.0 = Debug|Any CPU
		{37A79DFF-C18E-F8CE-9E89-84422F770AC8}.Release|Any CPU.ActiveCfg = Release|Any CPU
		{37A79DFF-C18E-F8CE-9E89-84422F770AC8}.Release|Any CPU.Build.0 = Release|Any CPU
		{0FEA6607-3188-F344-E9F3-F55041F361AB}.Debug|Any CPU.ActiveCfg = Debug|Any CPU
		{0FEA6607-3188-F344-E9F3-F55041F361AB}.Debug|Any CPU.Build.0 = Debug|Any CPU
		{0FEA6607-3188-F344-E9F3-F55041F361AB}.Release|Any CPU.ActiveCfg = Release|Any CPU
		{0FEA6607-3188-F344-E9F3-F55041F361AB}.Release|Any CPU.Build.0 = Release|Any CPU
	EndGlobalSection
	GlobalSection(SolutionProperties) = preSolution
		HideSolutionNode = FALSE
	EndGlobalSection
EndGlobal
